
Microsoft Visual Studio Solution File, Format Version 12.00
# Visual Studio 15
Project("{FAE04EC0-301F-11D3-BF4B-00C04F79EFBC}") = "Assembly-CSharp", "Assembly-CSharp.csproj", "{948DCCAE-66F6-86D4-6E48-CD2750878899}"
EndProject
Project("{FAE04EC0-301F-11D3-BF4B-00C04F79EFBC}") = "Assembly-CSharp-Editor", "Assembly-CSharp-Editor.csproj", "{9ED163BD-1CE4-B834-B287-2463A456AEBD}"
EndProject
Global
	GlobalSection(SolutionConfigurationPlatforms) = preSolution
		Debug|Any CPU = Debug|Any CPU
		Release|Any CPU = Release|Any CPU
	EndGlobalSection
	GlobalSection(ProjectConfigurationPlatforms) = postSolution
		{948DCCAE-66F6-86D4-6E48-CD2750878899}.Debug|Any CPU.ActiveCfg = Debug|Any CPU
		{948DCCAE-66F6-86D4-6E48-CD2750878899}.Debug|Any CPU.Build.0 = Debug|Any CPU
		{948DCCAE-66F6-86D4-6E48-CD2750878899}.Release|Any CPU.ActiveCfg = Release|Any CPU
		{948DCCAE-66F6-86D4-6E48-CD2750878899}.Release|Any CPU.Build.0 = Release|Any CPU
		{9ED163BD-1CE4-B834-B287-2463A456AEBD}.Debug|Any CPU.ActiveCfg = Debug|Any CPU
		{9ED163BD-1CE4-B834-B287-2463A456AEBD}.Debug|Any CPU.Build.0 = Debug|Any CPU
		{9ED163BD-1CE4-B834-B287-2463A456AEBD}.Release|Any CPU.ActiveCfg = Release|Any CPU
		{9ED163BD-1CE4-B834-B287-2463A456AEBD}.Release|Any CPU.Build.0 = Release|Any CPU
	EndGlobalSection
	GlobalSection(SolutionProperties) = preSolution
		HideSolutionNode = FALSE
	EndGlobalSection
EndGlobal
